Microsoft Visual Studio Solution File, Format Version 11.00
# Visual Studio 2008

Project("{16474448-1186-0D74-9D88-548BB3F71CF2}") = "tealcerebro", "Assembly-CSharp-firstpass.csproj", "{14B2C9F7-CEEA-5A59-42B6-873AD17A000F}"
EndProject
Project("{16474448-1186-0D74-9D88-548BB3F71CF2}") = "tealcerebro", "Assembly-CSharp.csproj", "{5AC707DD-1102-61AD-B8AF-9256F115B70A}"
EndProject
Project("{16474448-1186-0D74-9D88-548BB3F71CF2}") = "tealcerebro", "Assembly-CSharp-Editor.csproj", "{FE52D84F-1BE9-0FDD-86B1-6C915A901CC0}"
EndProject
Global
	GlobalSection(SolutionConfigurationPlatforms) = preSolution
		Debug|Any CPU = Debug|Any CPU
		Release|Any CPU = Release|Any CPU
	EndGlobalSection
	GlobalSection(ProjectConfigurationPlatforms) = postSolution
		{14B2C9F7-CEEA-5A59-42B6-873AD17A000F}.Debug|Any CPU.ActiveCfg = Debug|Any CPU
		{14B2C9F7-CEEA-5A59-42B6-873AD17A000F}.Debug|Any CPU.Build.0 = Debug|Any CPU
		{14B2C9F7-CEEA-5A59-42B6-873AD17A000F}.Release|Any CPU.ActiveCfg = Release|Any CPU
		{14B2C9F7-CEEA-5A59-42B6-873AD17A000F}.Release|Any CPU.Build.0 = Release|Any CPU
		{5AC707DD-1102-61AD-B8AF-9256F115B70A}.Debug|Any CPU.ActiveCfg = Debug|Any CPU
		{5AC707DD-1102-61AD-B8AF-9256F115B70A}.Debug|Any CPU.Build.0 = Debug|Any CPU
		{5AC707DD-1102-61AD-B8AF-9256F115B70A}.Release|Any CPU.ActiveCfg = Release|Any CPU
		{5AC707DD-1102-61AD-B8AF-9256F115B70A}.Release|Any CPU.Build.0 = Release|Any CPU
		{FE52D84F-1BE9-0FDD-86B1-6C915A901CC0}.Debug|Any CPU.ActiveCfg = Debug|Any CPU
		{FE52D84F-1BE9-0FDD-86B1-6C915A901CC0}.Debug|Any CPU.Build.0 = Debug|Any CPU
		{FE52D84F-1BE9-0FDD-86B1-6C915A901CC0}.Release|Any CPU.ActiveCfg = Release|Any CPU
		{FE52D84F-1BE9-0FDD-86B1-6C915A901CC0}.Release|Any CPU.Build.0 = Release|Any CPU
	EndGlobalSection
	GlobalSection(SolutionProperties) = preSolution
		HideSolutionNode = FALSE
	EndGlobalSection
	GlobalSection(MonoDevelopProperties) = preSolution
		StartupItem = Assembly-CSharp.csproj
	EndGlobalSection
EndGlobal
